
Microsoft Visual Studio Solution File, Format Version 12.00
# Visual Studio 14
VisualStudioVersion = 14.0.25420.1
MinimumVisualStudioVersion = 10.0.40219.1
Project("{FAE04EC0-301F-11D3-BF4B-00C04F79EFBC}") = "Anthems", "Anthems\Anthems.csproj", "{6EC9861E-49F8-4C8A-A585-1E59D7D1E16E}"
EndProject
Project("{FAE04EC0-301F-11D3-BF4B-00C04F79EFBC}") = "Anthems-WebJob", "Anthems-WebJob\Anthems-WebJob.csproj", "{8259B026-6E66-4EAD-8DE9-3FAAA102CEB3}"
EndProject
Global
	GlobalSection(SolutionConfigurationPlatforms) = preSolution
		Debug|Any CPU = Debug|Any CPU
		Release|Any CPU = Release|Any CPU
	EndGlobalSection
	GlobalSection(ProjectConfigurationPlatforms) = postSolution
		{6EC9861E-49F8-4C8A-A585-1E59D7D1E16E}.Debug|Any CPU.ActiveCfg = Debug|Any CPU
		{6EC9861E-49F8-4C8A-A585-1E59D7D1E16E}.Debug|Any CPU.Build.0 = Debug|Any CPU
		{6EC9861E-49F8-4C8A-A585-1E59D7D1E16E}.Release|Any CPU.ActiveCfg = Release|Any CPU
		{6EC9861E-49F8-4C8A-A585-1E59D7D1E16E}.Release|Any CPU.Build.0 = Release|Any CPU
		{8259B026-6E66-4EAD-8DE9-3FAAA102CEB3}.Debug|Any CPU.ActiveCfg = Debug|Any CPU
		{8259B026-6E66-4EAD-8DE9-3FAAA102CEB3}.Debug|Any CPU.Build.0 = Debug|Any CPU
		{8259B026-6E66-4EAD-8DE9-3FAAA102CEB3}.Release|Any CPU.ActiveCfg = Release|Any CPU
		{8259B026-6E66-4EAD-8DE9-3FAAA102CEB3}.Release|Any CPU.Build.0 = Release|Any CPU
	EndGlobalSection
	GlobalSection(SolutionProperties) = preSolution
		HideSolutionNode = FALSE
	EndGlobalSection
EndGlobal
